
Microsoft Visual Studio Solution File, Format Version 11.00
# Visual Studio 2010
Project("{FAE04EC0-301F-11D3-BF4B-00C04F79EFBC}") = "StudBusApp", "StudBusApp\StudBusApp.csproj", "{2B8AF08C-C1F9-467D-B3D2-C41B083F214E}"
	ProjectSection(ProjectDependencies) = postProject
		{B7D5C022-2AE1-4A0F-8D0A-7FCFEF18F0C1} = {B7D5C022-2AE1-4A0F-8D0A-7FCFEF18F0C1}
	EndProjectSection
EndProject
Project("{FAE04EC0-301F-11D3-BF4B-00C04F79EFBC}") = "StudBusApp.Web", "StudBusApp.Web\StudBusApp.Web.csproj", "{B7D5C022-2AE1-4A0F-8D0A-7FCFEF18F0C1}"
EndProject
Global
	GlobalSection(SolutionConfigurationPlatforms) = preSolution
		Debug|Any CPU = Debug|Any CPU
		Release|Any CPU = Release|Any CPU
	EndGlobalSection
	GlobalSection(ProjectConfigurationPlatforms) = postSolution
		{2B8AF08C-C1F9-467D-B3D2-C41B083F214E}.Debug|Any CPU.ActiveCfg = Debug|Any CPU
		{2B8AF08C-C1F9-467D-B3D2-C41B083F214E}.Debug|Any CPU.Build.0 = Debug|Any CPU
		{2B8AF08C-C1F9-467D-B3D2-C41B083F214E}.Release|Any CPU.ActiveCfg = Release|Any CPU
		{2B8AF08C-C1F9-467D-B3D2-C41B083F214E}.Release|Any CPU.Build.0 = Release|Any CPU
		{B7D5C022-2AE1-4A0F-8D0A-7FCFEF18F0C1}.Debug|Any CPU.ActiveCfg = Debug|Any CPU
		{B7D5C022-2AE1-4A0F-8D0A-7FCFEF18F0C1}.Debug|Any CPU.Build.0 = Debug|Any CPU
		{B7D5C022-2AE1-4A0F-8D0A-7FCFEF18F0C1}.Release|Any CPU.ActiveCfg = Release|Any CPU
		{B7D5C022-2AE1-4A0F-8D0A-7FCFEF18F0C1}.Release|Any CPU.Build.0 = Release|Any CPU
	EndGlobalSection
	GlobalSection(SolutionProperties) = preSolution
		HideSolutionNode = FALSE
	EndGlobalSection
EndGlobal
